
Microsoft Visual Studio Solution File, Format Version 12.00
# Visual Studio Version 16
VisualStudioVersion = 16.0.30413.136
MinimumVisualStudioVersion = 10.0.40219.1
Project("{FAE04EC0-301F-11D3-BF4B-00C04F79EFBC}") = "ProgramForMetodition", "ProgramForMetodition\ProgramForMetodition.csproj", "{FD81369C-725B-475B-9447-638A017152D6}"
EndProject
Global
	GlobalSection(SolutionConfigurationPlatforms) = preSolution
		Debug|Any CPU = Debug|Any CPU
		Release|Any CPU = Release|Any CPU
	EndGlobalSection
	GlobalSection(ProjectConfigurationPlatforms) = postSolution
		{FD81369C-725B-475B-9447-638A017152D6}.Debug|Any CPU.ActiveCfg = Debug|Any CPU
		{FD81369C-725B-475B-9447-638A017152D6}.Debug|Any CPU.Build.0 = Debug|Any CPU
		{FD81369C-725B-475B-9447-638A017152D6}.Release|Any CPU.ActiveCfg = Release|Any CPU
		{FD81369C-725B-475B-9447-638A017152D6}.Release|Any CPU.Build.0 = Release|Any CPU
	EndGlobalSection
	GlobalSection(SolutionProperties) = preSolution
		HideSolutionNode = FALSE
	EndGlobalSection
	GlobalSection(ExtensibilityGlobals) = postSolution
		SolutionGuid = {868EBC09-A903-4144-B3B5-0D280689A366}
	EndGlobalSection
EndGlobal
